<Solution>
  <Folder Name="/README/">
    <File Path="LICENSE" />
    <File Path="README.md" />
    <File Path="RELEASE-NOTES.txt" />
  </Folder>
  <Project Path="UserSecretsExtension.Test/UserSecretsExtension.Test.csproj" Id="354a45b4-b710-4fb2-b4ad-ed0dd8dc921d" />
  <Project Path="UserSecretsExtension/UserSecretsExtension.csproj" />
</Solution>
